
Microsoft Visual Studio Solution File, Format Version 12.00
# Visual Studio 15
VisualStudioVersion = 15.0.27004.2005
MinimumVisualStudioVersion = 10.0.40219.1
Project("{FAE04EC0-301F-11D3-BF4B-00C04F79EFBC}") = "GarageShopBooking", "GarageShopBooking\GarageShopBooking.csproj", "{A148E0EE-5D47-4C19-9933-0EDCAA9898BA}"
EndProject
Global
	GlobalSection(SolutionConfigurationPlatforms) = preSolution
		Debug|Any CPU = Debug|Any CPU
		Release|Any CPU = Release|Any CPU
	EndGlobalSection
	GlobalSection(ProjectConfigurationPlatforms) = postSolution
		{A148E0EE-5D47-4C19-9933-0EDCAA9898BA}.Debug|Any CPU.ActiveCfg = Debug|Any CPU
		{A148E0EE-5D47-4C19-9933-0EDCAA9898BA}.Debug|Any CPU.Build.0 = Debug|Any CPU
		{A148E0EE-5D47-4C19-9933-0EDCAA9898BA}.Release|Any CPU.ActiveCfg = Release|Any CPU
		{A148E0EE-5D47-4C19-9933-0EDCAA9898BA}.Release|Any CPU.Build.0 = Release|Any CPU
	EndGlobalSection
	GlobalSection(SolutionProperties) = preSolution
		HideSolutionNode = FALSE
	EndGlobalSection
	GlobalSection(ExtensibilityGlobals) = postSolution
		SolutionGuid = {49ABD915-60F0-400F-BE5F-88253F9AAA68}
	EndGlobalSection
EndGlobal
